
Microsoft Visual Studio Solution File, Format Version 12.00
# Visual Studio Version 16
VisualStudioVersion = 16.0.29609.76
MinimumVisualStudioVersion = 10.0.40219.1
Project("{FAE04EC0-301F-11D3-BF4B-00C04F79EFBC}") = "TestNugetPkg", "TestNugetPkg\TestNugetPkg.csproj", "{EF9B9788-3B6D-4FEB-AB37-5A1346687F7C}"
EndProject
Global
	GlobalSection(SolutionConfigurationPlatforms) = preSolution
		Debug|Any CPU = Debug|Any CPU
		Release|Any CPU = Release|Any CPU
	EndGlobalSection
	GlobalSection(ProjectConfigurationPlatforms) = postSolution
		{EF9B9788-3B6D-4FEB-AB37-5A1346687F7C}.Debug|Any CPU.ActiveCfg = Debug|Any CPU
		{EF9B9788-3B6D-4FEB-AB37-5A1346687F7C}.Debug|Any CPU.Build.0 = Debug|Any CPU
		{EF9B9788-3B6D-4FEB-AB37-5A1346687F7C}.Release|Any CPU.ActiveCfg = Release|Any CPU
		{EF9B9788-3B6D-4FEB-AB37-5A1346687F7C}.Release|Any CPU.Build.0 = Release|Any CPU
	EndGlobalSection
	GlobalSection(SolutionProperties) = preSolution
		HideSolutionNode = FALSE
	EndGlobalSection
	GlobalSection(ExtensibilityGlobals) = postSolution
		SolutionGuid = {AD1AE4AC-D104-4E74-8C95-4C1E508DCF02}
	EndGlobalSection
EndGlobal
